<?xml version="1.0" encoding="utf-8"?>
<Project ToolsVersion="12.0" xmlns="http://schemas.microsoft.com/developer/msbuild/2003">
  <ItemGroup>
    <ClCompile Include="main.cpp" />
    <ClCompile Include="KSJSCZDemoMainWindow.cpp">
      <Filter>Source Files</Filter>
    </ClCompile>
    <ClCompile Include="GeneratedFiles\MD(Old)\moc_KSJSCZDemoMainWindow.cpp">
      <Filter>Generated Files\MD%28Old%29</Filter>
    </ClCompile>
    <ClCompile Include="GeneratedFiles\MDd(Old)\moc_KSJSCZDemoMainWindow.cpp">
      <Filter>Generated Files\MDd%28Old%29</Filter>
    </ClCompile>
    <ClCompile Include="GeneratedFiles\MDd\moc_KSJSCZDemoMainWindow.cpp">
      <Filter>Generated Files\MDd</Filter>
    </ClCompile>
    <ClCompile Include="GeneratedFiles\MD\moc_KSJSCZDemoMainWindow.cpp">
      <Filter>Generated Files\MD</Filter>
    </ClCompile>
  </ItemGroup>
  <ItemGroup>
    <Filter Include="Source Files">
      <UniqueIdentifier>{4FC737F1-C7A5-4376-A066-2A32D752A2FF}</UniqueIdentifier>
      <Extensions>cpp;cxx;c;def</Extensions>
      <ParseFiles>true</ParseFiles>
    </Filter>
    <Filter Include="Header Files">
      <UniqueIdentifier>{93995380-89BD-4b04-88EB-625FBE52EBFB}</UniqueIdentifier>
      <Extensions>h</Extensions>
      <ParseFiles>true</ParseFiles>
    </Filter>
    <Filter Include="Generated Files">
      <UniqueIdentifier>{71ED8ED8-ACB9-4CE9-BBE1-E00B30144E11}</UniqueIdentifier>
      <Extensions>moc;h;cpp</Extensions>
      <ParseFiles>true</ParseFiles>
    </Filter>
    <Filter Include="Generated Files\MDd%28Old%29">
      <UniqueIdentifier>{8e6970b9-b3d5-4ab8-b391-b2a494d93672}</UniqueIdentifier>
      <Extensions>cpp;moc</Extensions>
      <SourceControlFiles>False</SourceControlFiles>
    </Filter>
    <Filter Include="Generated Files\MDd">
      <UniqueIdentifier>{5317b063-d3c8-4cad-b07d-9e0f9102fb94}</UniqueIdentifier>
      <Extensions>cpp;moc</Extensions>
      <SourceControlFiles>False</SourceControlFiles>
    </Filter>
    <Filter Include="Generated Files\MD">
      <UniqueIdentifier>{32f04c02-99f1-47c1-89c4-78adf0eec18a}</UniqueIdentifier>
      <Extensions>cpp;moc</Extensions>
      <SourceControlFiles>False</SourceControlFiles>
    </Filter>
    <Filter Include="Form Files">
      <UniqueIdentifier>{99349809-55BA-4b9d-BF79-8FDBB0286EB3}</UniqueIdentifier>
      <Extensions>ui</Extensions>
      <ParseFiles>true</ParseFiles>
    </Filter>
    <Filter Include="Generated Files\MD%28Old%29">
      <UniqueIdentifier>{6b7a536d-bff1-4133-9de5-fd523601ff0c}</UniqueIdentifier>
      <Extensions>cpp;moc</Extensions>
      <SourceControlFiles>False</SourceControlFiles>
    </Filter>
  </ItemGroup>
  <ItemGroup>
    <CustomBuild Include="KSJSCZDemoMainWindow.h">
      <Filter>Header Files</Filter>
    </CustomBuild>
    <CustomBuild Include="KSJSCZDemoMainWindow.ui">
      <Filter>Form Files</Filter>
    </CustomBuild>
  </ItemGroup>
  <ItemGroup>
    <ClInclude Include="GeneratedFiles\ui_KSJSCZDemoMainWindow.h">
      <Filter>Generated Files</Filter>
    </ClInclude>
  </ItemGroup>
</Project>